
Microsoft Visual Studio Solution File, Format Version 12.00
# Visual Studio Version 16
VisualStudioVersion = 16.0.30804.86
MinimumVisualStudioVersion = 10.0.40219.1
Project("{FAE04EC0-301F-11D3-BF4B-00C04F79EFBC}") = "Pharmacy", "Pharmacy\Pharmacy.csproj", "{7698A3AB-C900-48B7-96C8-7DC5805C6E71}"
EndProject
Global
	GlobalSection(SolutionConfigurationPlatforms) = preSolution
		Debug|Any CPU = Debug|Any CPU
		Release|Any CPU = Release|Any CPU
	EndGlobalSection
	GlobalSection(ProjectConfigurationPlatforms) = postSolution
		{7698A3AB-C900-48B7-96C8-7DC5805C6E71}.Debug|Any CPU.ActiveCfg = Debug|Any CPU
		{7698A3AB-C900-48B7-96C8-7DC5805C6E71}.Debug|Any CPU.Build.0 = Debug|Any CPU
		{7698A3AB-C900-48B7-96C8-7DC5805C6E71}.Release|Any CPU.ActiveCfg = Release|Any CPU
		{7698A3AB-C900-48B7-96C8-7DC5805C6E71}.Release|Any CPU.Build.0 = Release|Any CPU
	EndGlobalSection
	GlobalSection(SolutionProperties) = preSolution
		HideSolutionNode = FALSE
	EndGlobalSection
	GlobalSection(ExtensibilityGlobals) = postSolution
		SolutionGuid = {FFCE9742-5811-4BF7-82FA-3E684C3407D4}
	EndGlobalSection
EndGlobal
